
Microsoft Visual Studio Solution File, Format Version 12.00
Project("{FAE04EC0-301F-11D3-BF4B-00C04F79EFBC}") = "LearnGitAction", "LearnGitAction\LearnGitAction.csproj", "{2148A00F-E5CC-47B8-BDA0-00568E4B4FEE}"
EndProject
Global
	GlobalSection(SolutionConfigurationPlatforms) = preSolution
		Debug|Any CPU = Debug|Any CPU
		Release|Any CPU = Release|Any CPU
	EndGlobalSection
	GlobalSection(ProjectConfigurationPlatforms) = postSolution
		{2148A00F-E5CC-47B8-BDA0-00568E4B4FEE}.Debug|Any CPU.ActiveCfg = Debug|Any CPU
		{2148A00F-E5CC-47B8-BDA0-00568E4B4FEE}.Debug|Any CPU.Build.0 = Debug|Any CPU
		{2148A00F-E5CC-47B8-BDA0-00568E4B4FEE}.Release|Any CPU.ActiveCfg = Release|Any CPU
		{2148A00F-E5CC-47B8-BDA0-00568E4B4FEE}.Release|Any CPU.Build.0 = Release|Any CPU
	EndGlobalSection
EndGlobal
